dependencies:
  eil/esp_idf_lib_helpers:
    component_hash: eaee96f02db1bea59d369e53e46fd100331eb9d1d9726416cace4dd01f72698e
    dependencies:
    - name: idf
      require: private
      version: '>=4.3'
    source:
      registry_url: https://components.espressif.com/
      type: service
    version: 1.2.1
  eil/i2cdev:
    component_hash: 320f24484a1678083133ca19c195ea58740c188dd590626980b1cf2032539aaa
    dependencies:
    - name: eil/esp_idf_lib_helpers
      registry_url: https://components.espressif.com/
      require: private
      version: '>=1.2.1'
    - name: idf
      require: private
      version: '>=4.3'
    source:
      registry_url: https://components.espressif.com/
      type: service
    version: 1.5.1
  espressif/ds18b20:
    component_hash: d676429d9f1f686b65ed895e418eb4b331477bcd5d63c27f43dc3d6a2de8f13b
    dependencies:
    - name: espressif/onewire_bus
      registry_url: https://components.espressif.com/
      require: private
      version: ^1.0.0
    source:
      registry_url: https://components.espressif.com/
      type: service
    version: 0.1.1
  espressif/mdns:
    component_hash: 31117d76cae83a6d83ffd7f035f6fdae5bd05b914fc30b641afeb208b84de19a
    dependencies:
    - name: idf
      require: private
      version: '>=5.0'
    source:
      registry_url: https://components.espressif.com/
      type: service
    version: 1.3.2
  espressif/onewire_bus:
    component_hash: c4c781940d8bd988432b47ac3ee68479c69e14e01fdfba0b61365b233a3ba5d6
    dependencies:
    - name: idf
      require: private
      version: '>=5.0'
    source:
      registry_url: https://components.espressif.com/
      type: service
    version: 1.0.2
  idf:
    source:
      type: idf
    version: 5.0.7
direct_dependencies:
- eil/i2cdev
- espressif/ds18b20
- espressif/mdns
- espressif/onewire_bus
manifest_hash: c0b8188034cf09d6bb2559dd45cf1557b22b237223e30360f677c0aa6d17e7b9
target: esp32
version: 2.0.0
